
Microsoft Visual Studio Solution File, Format Version 12.00
# Visual Studio 15
VisualStudioVersion = 15.0.26730.12
MinimumVisualStudioVersion = 10.0.40219.1
Project("{FAE04EC0-301F-11D3-BF4B-00C04F79EFBC}") = "A3GameV2", "A3GameV1\A3GameV2.csproj", "{57113F12-3690-4F6A-B307-89641A28B1BC}"
EndProject
Global
	GlobalSection(SolutionConfigurationPlatforms) = preSolution
		Debug|Any CPU = Debug|Any CPU
		Release|Any CPU = Release|Any CPU
	EndGlobalSection
	GlobalSection(ProjectConfigurationPlatforms) = postSolution
		{57113F12-3690-4F6A-B307-89641A28B1BC}.Debug|Any CPU.ActiveCfg = Debug|Any CPU
		{57113F12-3690-4F6A-B307-89641A28B1BC}.Debug|Any CPU.Build.0 = Debug|Any CPU
		{57113F12-3690-4F6A-B307-89641A28B1BC}.Release|Any CPU.ActiveCfg = Release|Any CPU
		{57113F12-3690-4F6A-B307-89641A28B1BC}.Release|Any CPU.Build.0 = Release|Any CPU
	EndGlobalSection
	GlobalSection(SolutionProperties) = preSolution
		HideSolutionNode = FALSE
	EndGlobalSection
	GlobalSection(ExtensibilityGlobals) = postSolution
		SolutionGuid = {FAAD223A-5236-4AC3-B533-304C37ECA890}
	EndGlobalSection
EndGlobal
